
Microsoft Visual Studio Solution File, Format Version 12.00
# Visual Studio Version 16
VisualStudioVersion = 16.0.30011.22
MinimumVisualStudioVersion = 10.0.40219.1
Project("{2150E333-8FDC-42A3-9474-1A3956D46DE8}") = "Solution Items", "Solution Items", "{79DC02CF-08DD-470E-B2A0-21D09B842F49}"
	ProjectSection(SolutionItems) = preProject
		..\README.md = ..\README.md
		..\screenshot.png = ..\screenshot.png
	EndProjectSection
EndProject
Project("{FAE04EC0-301F-11D3-BF4B-00C04F79EFBC}") = "LCARSToolkit.Controls", "LCARSToolkit.Controls\LCARSToolkit.Controls.csproj", "{BF5ED8EC-6A2F-4DD5-9246-4119FDB5D47E}"
EndProject
Project("{FAE04EC0-301F-11D3-BF4B-00C04F79EFBC}") = "LCARSToolkit.Example", "LCARSToolkit.Example\LCARSToolkit.Example.csproj", "{BA43E597-C0BE-4FAD-8D73-4B4ED8FA4C4F}"
EndProject
Global
	GlobalSection(SolutionConfigurationPlatforms) = preSolution
		Debug|Any CPU = Debug|Any CPU
		Debug|ARM = Debug|ARM
		Debug|x64 = Debug|x64
		Debug|x86 = Debug|x86
		Release|Any CPU = Release|Any CPU
		Release|ARM = Release|ARM
		Release|x64 = Release|x64
		Release|x86 = Release|x86
	EndGlobalSection
	GlobalSection(ProjectConfigurationPlatforms) = postSolution
		{BF5ED8EC-6A2F-4DD5-9246-4119FDB5D47E}.Debug|Any CPU.ActiveCfg = Debug|Any CPU
		{BF5ED8EC-6A2F-4DD5-9246-4119FDB5D47E}.Debug|Any CPU.Build.0 = Debug|Any CPU
		{BF5ED8EC-6A2F-4DD5-9246-4119FDB5D47E}.Debug|ARM.ActiveCfg = Debug|ARM
		{BF5ED8EC-6A2F-4DD5-9246-4119FDB5D47E}.Debug|ARM.Build.0 = Debug|ARM
		{BF5ED8EC-6A2F-4DD5-9246-4119FDB5D47E}.Debug|x64.ActiveCfg = Debug|x64
		{BF5ED8EC-6A2F-4DD5-9246-4119FDB5D47E}.Debug|x64.Build.0 = Debug|x64
		{BF5ED8EC-6A2F-4DD5-9246-4119FDB5D47E}.Debug|x86.ActiveCfg = Debug|x86
		{BF5ED8EC-6A2F-4DD5-9246-4119FDB5D47E}.Debug|x86.Build.0 = Debug|x86
		{BF5ED8EC-6A2F-4DD5-9246-4119FDB5D47E}.Release|Any CPU.ActiveCfg = Release|Any CPU
		{BF5ED8EC-6A2F-4DD5-9246-4119FDB5D47E}.Release|Any CPU.Build.0 = Release|Any CPU
		{BF5ED8EC-6A2F-4DD5-9246-4119FDB5D47E}.Release|ARM.ActiveCfg = Release|ARM
		{BF5ED8EC-6A2F-4DD5-9246-4119FDB5D47E}.Release|ARM.Build.0 = Release|ARM
		{BF5ED8EC-6A2F-4DD5-9246-4119FDB5D47E}.Release|x64.ActiveCfg = Release|x64
		{BF5ED8EC-6A2F-4DD5-9246-4119FDB5D47E}.Release|x64.Build.0 = Release|x64
		{BF5ED8EC-6A2F-4DD5-9246-4119FDB5D47E}.Release|x86.ActiveCfg = Release|x86
		{BF5ED8EC-6A2F-4DD5-9246-4119FDB5D47E}.Release|x86.Build.0 = Release|x86
		{BA43E597-C0BE-4FAD-8D73-4B4ED8FA4C4F}.Debug|Any CPU.ActiveCfg = Debug|x86
		{BA43E597-C0BE-4FAD-8D73-4B4ED8FA4C4F}.Debug|Any CPU.Build.0 = Debug|x86
		{BA43E597-C0BE-4FAD-8D73-4B4ED8FA4C4F}.Debug|Any CPU.Deploy.0 = Debug|x86
		{BA43E597-C0BE-4FAD-8D73-4B4ED8FA4C4F}.Debug|ARM.ActiveCfg = Debug|ARM
		{BA43E597-C0BE-4FAD-8D73-4B4ED8FA4C4F}.Debug|ARM.Build.0 = Debug|ARM
		{BA43E597-C0BE-4FAD-8D73-4B4ED8FA4C4F}.Debug|ARM.Deploy.0 = Debug|ARM
		{BA43E597-C0BE-4FAD-8D73-4B4ED8FA4C4F}.Debug|x64.ActiveCfg = Debug|x64
		{BA43E597-C0BE-4FAD-8D73-4B4ED8FA4C4F}.Debug|x64.Build.0 = Debug|x64
		{BA43E597-C0BE-4FAD-8D73-4B4ED8FA4C4F}.Debug|x64.Deploy.0 = Debug|x64
		{BA43E597-C0BE-4FAD-8D73-4B4ED8FA4C4F}.Debug|x86.ActiveCfg = Debug|x86
		{BA43E597-C0BE-4FAD-8D73-4B4ED8FA4C4F}.Debug|x86.Build.0 = Debug|x86
		{BA43E597-C0BE-4FAD-8D73-4B4ED8FA4C4F}.Debug|x86.Deploy.0 = Debug|x86
		{BA43E597-C0BE-4FAD-8D73-4B4ED8FA4C4F}.Release|Any CPU.ActiveCfg = Release|x86
		{BA43E597-C0BE-4FAD-8D73-4B4ED8FA4C4F}.Release|Any CPU.Build.0 = Release|x86
		{BA43E597-C0BE-4FAD-8D73-4B4ED8FA4C4F}.Release|Any CPU.Deploy.0 = Release|x86
		{BA43E597-C0BE-4FAD-8D73-4B4ED8FA4C4F}.Release|ARM.ActiveCfg = Release|ARM
		{BA43E597-C0BE-4FAD-8D73-4B4ED8FA4C4F}.Release|ARM.Build.0 = Release|ARM
		{BA43E597-C0BE-4FAD-8D73-4B4ED8FA4C4F}.Release|ARM.Deploy.0 = Release|ARM
		{BA43E597-C0BE-4FAD-8D73-4B4ED8FA4C4F}.Release|x64.ActiveCfg = Release|x64
		{BA43E597-C0BE-4FAD-8D73-4B4ED8FA4C4F}.Release|x64.Build.0 = Release|x64
		{BA43E597-C0BE-4FAD-8D73-4B4ED8FA4C4F}.Release|x64.Deploy.0 = Release|x64
		{BA43E597-C0BE-4FAD-8D73-4B4ED8FA4C4F}.Release|x86.ActiveCfg = Release|x86
		{BA43E597-C0BE-4FAD-8D73-4B4ED8FA4C4F}.Release|x86.Build.0 = Release|x86
		{BA43E597-C0BE-4FAD-8D73-4B4ED8FA4C4F}.Release|x86.Deploy.0 = Release|x86
	EndGlobalSection
	GlobalSection(SolutionProperties) = preSolution
		HideSolutionNode = FALSE
	EndGlobalSection
	GlobalSection(ExtensibilityGlobals) = postSolution
		SolutionGuid = {72194C60-A64E-4D88-83CF-7B3BF29695A5}
	EndGlobalSection
EndGlobal
